
Microsoft Visual Studio Solution File, Format Version 12.00
# Visual Studio Version 17
VisualStudioVersion = 17.8.34330.188
MinimumVisualStudioVersion = 10.0.40219.1
Project("{FAE04EC0-301F-11D3-BF4B-00C04F79EFBC}") = "WeatherApp_API", "WeatherApp_API\WeatherApp_API.csproj", "{AFD24E56-7E78-4EB5-8FE4-BD32C4471BA6}"
EndProject
Global
	GlobalSection(SolutionConfigurationPlatforms) = preSolution
		Debug|Any CPU = Debug|Any CPU
		Release|Any CPU = Release|Any CPU
	EndGlobalSection
	GlobalSection(ProjectConfigurationPlatforms) = postSolution
		{AFD24E56-7E78-4EB5-8FE4-BD32C4471BA6}.Debug|Any CPU.ActiveCfg = Debug|Any CPU
		{AFD24E56-7E78-4EB5-8FE4-BD32C4471BA6}.Debug|Any CPU.Build.0 = Debug|Any CPU
		{AFD24E56-7E78-4EB5-8FE4-BD32C4471BA6}.Release|Any CPU.ActiveCfg = Release|Any CPU
		{AFD24E56-7E78-4EB5-8FE4-BD32C4471BA6}.Release|Any CPU.Build.0 = Release|Any CPU
	EndGlobalSection
	GlobalSection(SolutionProperties) = preSolution
		HideSolutionNode = FALSE
	EndGlobalSection
	GlobalSection(ExtensibilityGlobals) = postSolution
		SolutionGuid = {48C78521-2466-448E-AD75-723AF9E94786}
	EndGlobalSection
EndGlobal
